// !$*UTF8*$!
{
	archiveVersion = 1;
	classes = {
	};
	objectVersion = 51;
	objects = {

/* Begin PBXBuildFile section */
		02251CA1645BDB965F0F2C5A /* Pods_CornellChat.framework in Frameworks */ = {isa = PBXBuildFile; fileRef = 47CDCE05CE7508F20345A83A /* Pods_CornellChat.framework */; };
		98256BA62586BC1E001A1532 /* AddConvoViewController.swift in Sources */ = {isa = PBXBuildFile; fileRef = 98256BA52586BC1E001A1532 /* AddConvoViewController.swift */; };
		98256BA92586ED7F001A1532 /* cornellcartoon.jpg in Resources */ = {isa = PBXBuildFile; fileRef = 98256BA82586ED7F001A1532 /* cornellcartoon.jpg */; };
		985AEE9A257F12C400755565 /* ConversationViewController.swift in Sources */ = {isa = PBXBuildFile; fileRef = 985AEE99257F12C400755565 /* ConversationViewController.swift */; };
		985AEE9D257F12DE00755565 /* MessageTableViewCell.swift in Sources */ = {isa = PBXBuildFile; fileRef = 985AEE9C257F12DE00755565 /* MessageTableViewCell.swift */; };
		98887CAD257DC0DE00C8A32E /* User.swift in Sources */ = {isa = PBXBuildFile; fileRef = 98887CAC257DC0DE00C8A32E /* User.swift */; };
		98887CB6257DC94F00C8A32E /* ConversationTableViewCell.swift in Sources */ = {isa = PBXBuildFile; fileRef = 98887CB5257DC94F00C8A32E /* ConversationTableViewCell.swift */; };
		A2201FDC257D23A100B89E59 /* AppDelegate.swift in Sources */ = {isa = PBXBuildFile; fileRef = A2201FDB257D23A100B89E59 /* AppDelegate.swift */; };
		A2201FDE257D23A100B89E59 /* SceneDelegate.swift in Sources */ = {isa = PBXBuildFile; fileRef = A2201FDD257D23A100B89E59 /* SceneDelegate.swift */; };
		A2201FE0257D23A100B89E59 /* ViewController.swift in Sources */ = {isa = PBXBuildFile; fileRef = A2201FDF257D23A100B89E59 /* ViewController.swift */; };
		A2201FE5257D23A200B89E59 /* Assets.xcassets in Resources */ = {isa = PBXBuildFile; fileRef = A2201FE4257D23A200B89E59 /* Assets.xcassets */; };
		A226588A257FC99700123EBE /* RegisterViewController.swift in Sources */ = {isa = PBXBuildFile; fileRef = A2265889257FC99700123EBE /* RegisterViewController.swift */; };
		A226588E257FCCC200123EBE /* Extensions.swift in Sources */ = {isa = PBXBuildFile; fileRef = A226588D257FCCC200123EBE /* Extensions.swift */; };
		A291851F25855564000CC3B5 /* GoogleService-Info.plist in Resources */ = {isa = PBXBuildFile; fileRef = A291851E25855564000CC3B5 /* GoogleService-Info.plist */; };
		A2B36619257D31F4000E09A7 /* NetworkManager.swift in Sources */ = {isa = PBXBuildFile; fileRef = A2B36618257D31F4000E09A7 /* NetworkManager.swift */; };
		A2EFBFA6257FC6D6007C744F /* LoginViewController.swift in Sources */ = {isa = PBXBuildFile; fileRef = A2EFBFA5257FC6D6007C744F /* LoginViewController.swift */; };
/* End PBXBuildFile section */

/* Begin PBXFileReference section */
		47CDCE05CE7508F20345A83A /* Pods_CornellChat.framework */ = {isa = PBXFileReference; explicitFileType = wrapper.framework; includeInIndex = 0; path = Pods_CornellChat.framework; sourceTree = BUILT_PRODUCTS_DIR; };
		98256BA52586BC1E001A1532 /* AddConvoViewController.swift */ = {isa = PBXFileReference; lastKnownFileType = sourcecode.swift; path = AddConvoViewController.swift; sourceTree = "<group>"; };
		98256BA82586ED7F001A1532 /* cornellcartoon.jpg */ = {isa = PBXFileReference; lastKnownFileType = image.jpeg; path = cornellcartoon.jpg; sourceTree = SOURCE_ROOT; };
		985AEE99257F12C400755565 /* ConversationViewController.swift */ = {isa = PBXFileReference; lastKnownFileType = sourcecode.swift; path = ConversationViewController.swift; sourceTree = "<group>"; };
		985AEE9C257F12DE00755565 /* MessageTableViewCell.swift */ = {isa = PBXFileReference; lastKnownFileType = sourcecode.swift; path = MessageTableViewCell.swift; sourceTree = "<group>"; };
		98887CAC257DC0DE00C8A32E /* User.swift */ = {isa = PBXFileReference; lastKnownFileType = sourcecode.swift; path = User.swift; sourceTree = "<group>"; };
		98887CB5257DC94F00C8A32E /* ConversationTableViewCell.swift */ = {isa = PBXFileReference; lastKnownFileType = sourcecode.swift; path = ConversationTableViewCell.swift; sourceTree = "<group>"; };
		A2201FD8257D23A100B89E59 /* CornellChat.app */ = {isa = PBXFileReference; explicitFileType = wrapper.application; includeInIndex = 0; path = CornellChat.app; sourceTree = BUILT_PRODUCTS_DIR; };
		A2201FDB257D23A100B89E59 /* AppDelegate.swift */ = {isa = PBXFileReference; lastKnownFileType = sourcecode.swift; path = AppDelegate.swift; sourceTree = "<group>"; };
		A2201FDD257D23A100B89E59 /* SceneDelegate.swift */ = {isa = PBXFileReference; lastKnownFileType = sourcecode.swift; path = SceneDelegate.swift; sourceTree = "<group>"; };
		A2201FDF257D23A100B89E59 /* ViewController.swift */ = {isa = PBXFileReference; lastKnownFileType = sourcecode.swift; path = ViewController.swift; sourceTree = "<group>"; };
		A2201FE4257D23A200B89E59 /* Assets.xcassets */ = {isa = PBXFileReference; lastKnownFileType = folder.assetcatalog; path = Assets.xcassets; sourceTree = "<group>"; };
		A2201FE9257D23A200B89E59 /* Info.plist */ = {isa = PBXFileReference; lastKnownFileType = text.plist.xml; path = Info.plist; sourceTree = "<group>"; };
		A2265889257FC99700123EBE /* RegisterViewController.swift */ = {isa = PBXFileReference; lastKnownFileType = sourcecode.swift; path = RegisterViewController.swift; sourceTree = "<group>"; };
		A226588D257FCCC200123EBE /* Extensions.swift */ = {isa = PBXFileReference; lastKnownFileType = sourcecode.swift; path = Extensions.swift; sourceTree = "<group>"; };
		A291851E25855564000CC3B5 /* GoogleService-Info.plist */ = {isa = PBXFileReference; fileEncoding = 4; lastKnownFileType = text.plist.xml; path = "GoogleService-Info.plist"; sourceTree = "<group>"; };
		A2B36618257D31F4000E09A7 /* NetworkManager.swift */ = {isa = PBXFileReference; lastKnownFileType = sourcecode.swift; path = NetworkManager.swift; sourceTree = "<group>"; };
		A2EFBFA5257FC6D6007C744F /* LoginViewController.swift */ = {isa = PBXFileReference; lastKnownFileType = sourcecode.swift; path = LoginViewController.swift; sourceTree = "<group>"; };
		C8327F32DF76CF06A9E0CE43 /* Pods-CornellChat.debug.xcconfig */ = {isa = PBXFileReference; includeInIndex = 1; lastKnownFileType = text.xcconfig; name = "Pods-CornellChat.debug.xcconfig"; path = "Target Support Files/Pods-CornellChat/Pods-CornellChat.debug.xcconfig"; sourceTree = "<group>"; };
		D11DCAF40F8FB2C156E017F8 /* Pods-CornellChat.release.xcconfig */ = {isa = PBXFileReference; includeInIndex = 1; lastKnownFileType = text.xcconfig; name = "Pods-CornellChat.release.xcconfig"; path = "Target Support Files/Pods-CornellChat/Pods-CornellChat.release.xcconfig"; sourceTree = "<group>"; };
/* End PBXFileReference section */

/* Begin PBXFrameworksBuildPhase section */
		A2201FD5257D23A100B89E59 /* Frameworks */ = {
			isa = PBXFrameworksBuildPhase;
			buildActionMask = 2147483647;
			files = (
				02251CA1645BDB965F0F2C5A /* Pods_CornellChat.framework in Frameworks */,
			);
			runOnlyForDeploymentPostprocessing = 0;
		};
/* End PBXFrameworksBuildPhase section */

/* Begin PBXGroup section */
		2367B4519ED1C44AA482562A /* Pods */ = {
			isa = PBXGroup;
			children = (
				C8327F32DF76CF06A9E0CE43 /* Pods-CornellChat.debug.xcconfig */,
				D11DCAF40F8FB2C156E017F8 /* Pods-CornellChat.release.xcconfig */,
			);
			path = Pods;
			sourceTree = "<group>";
		};
		A2201FCF257D23A100B89E59 = {
			isa = PBXGroup;
			children = (
				A2201FDA257D23A100B89E59 /* CornellChat */,
				A2201FD9257D23A100B89E59 /* Products */,
				2367B4519ED1C44AA482562A /* Pods */,
				FF2B2EDF95AE630470F84D64 /* Frameworks */,
			);
			sourceTree = "<group>";
		};
		A2201FD9257D23A100B89E59 /* Products */ = {
			isa = PBXGroup;
			children = (
				A2201FD8257D23A100B89E59 /* CornellChat.app */,
			);
			name = Products;
			sourceTree = "<group>";
		};
		A2201FDA257D23A100B89E59 /* CornellChat */ = {
			isa = PBXGroup;
			children = (
				A291851E25855564000CC3B5 /* GoogleService-Info.plist */,
				A2EFBF9F257FC586007C744F /* Others */,
				A2EFBFA1257FC5A6007C744F /* Models */,
				A2EFBFA2257FC5C9007C744F /* Views */,
				A2EFBFA0257FC594007C744F /* Controllers */,
				A2201FE4257D23A200B89E59 /* Assets.xcassets */,
				98256BA82586ED7F001A1532 /* cornellcartoon.jpg */,
				A2201FE9257D23A200B89E59 /* Info.plist */,
			);
			path = CornellChat;
			sourceTree = "<group>";
		};
		A2EFBF9F257FC586007C744F /* Others */ = {
			isa = PBXGroup;
			children = (
				A2B36618257D31F4000E09A7 /* NetworkManager.swift */,
				A2201FDB257D23A100B89E59 /* AppDelegate.swift */,
				A2201FDD257D23A100B89E59 /* SceneDelegate.swift */,
				A226588D257FCCC200123EBE /* Extensions.swift */,
			);
			path = Others;
			sourceTree = "<group>";
		};
		A2EFBFA0257FC594007C744F /* Controllers */ = {
			isa = PBXGroup;
			children = (
				A2201FDF257D23A100B89E59 /* ViewController.swift */,
				98256BA52586BC1E001A1532 /* AddConvoViewController.swift */,
				A2EFBFA5257FC6D6007C744F /* LoginViewController.swift */,
				A2265889257FC99700123EBE /* RegisterViewController.swift */,
				985AEE99257F12C400755565 /* ConversationViewController.swift */,
			);
			path = Controllers;
			sourceTree = "<group>";
		};
		A2EFBFA1257FC5A6007C744F /* Models */ = {
			isa = PBXGroup;
			children = (
				98887CAC257DC0DE00C8A32E /* User.swift */,
			);
			path = Models;
			sourceTree = "<group>";
		};
		A2EFBFA2257FC5C9007C744F /* Views */ = {
			isa = PBXGroup;
			children = (
				985AEE9C257F12DE00755565 /* MessageTableViewCell.swift */,
				98887CB5257DC94F00C8A32E /* ConversationTableViewCell.swift */,
			);
			path = Views;
			sourceTree = "<group>";
		};
		FF2B2EDF95AE630470F84D64 /* Frameworks */ = {
			isa = PBXGroup;
			children = (
				47CDCE05CE7508F20345A83A /* Pods_CornellChat.framework */,
			);
			name = Frameworks;
			sourceTree = "<group>";
		};
/* End PBXGroup section */

/* Begin PBXNativeTarget section */
		A2201FD7257D23A100B89E59 /* CornellChat */ = {
			isa = PBXNativeTarget;
			buildConfigurationList = A2201FEC257D23A200B89E59 /* Build configuration list for PBXNativeTarget "CornellChat" */;
			buildPhases = (
				28E8CE8E20D1617A5AC3D09A /* [CP] Check Pods Manifest.lock */,
				A2201FD4257D23A100B89E59 /* Sources */,
				A2201FD5257D23A100B89E59 /* Frameworks */,
				A2201FD6257D23A100B89E59 /* Resources */,
				1FFAFB463CEC41DFF7264780 /* [CP] Embed Pods Frameworks */,
			);
			buildRules = (
			);
			dependencies = (
			);
			name = CornellChat;
			productName = CornellChat;
			productReference = A2201FD8257D23A100B89E59 /* CornellChat.app */;
			productType = "com.apple.product-type.application";
		};
/* End PBXNativeTarget section */

/* Begin PBXProject section */
		A2201FD0257D23A100B89E59 /* Project object */ = {
			isa = PBXProject;
			attributes = {
				LastSwiftUpdateCheck = 1220;
				LastUpgradeCheck = 1220;
				TargetAttributes = {
					A2201FD7257D23A100B89E59 = {
						CreatedOnToolsVersion = 12.2;
					};
				};
			};
			buildConfigurationList = A2201FD3257D23A100B89E59 /* Build configuration list for PBXProject "CornellChat" */;
			compatibilityVersion = "Xcode 9.3";
			developmentRegion = en;
			hasScannedForEncodings = 0;
			knownRegions = (
				en,
				Base,
			);
			mainGroup = A2201FCF257D23A100B89E59;
			productRefGroup = A2201FD9257D23A100B89E59 /* Products */;
			projectDirPath = "";
			projectRoot = "";
			targets = (
				A2201FD7257D23A100B89E59 /* CornellChat */,
			);
		};
/* End PBXProject section */

/* Begin PBXResourcesBuildPhase section */
		A2201FD6257D23A100B89E59 /* Resources */ = {
			isa = PBXResourcesBuildPhase;
			buildActionMask = 2147483647;
			files = (
				A2201FE5257D23A200B89E59 /* Assets.xcassets in Resources */,
				A291851F25855564000CC3B5 /* GoogleService-Info.plist in Resources */,
				98256BA92586ED7F001A1532 /* cornellcartoon.jpg in Resources */,
			);
			runOnlyForDeploymentPostprocessing = 0;
		};
/* End PBXResourcesBuildPhase section */

/* Begin PBXShellScriptBuildPhase section */
		1FFAFB463CEC41DFF7264780 /* [CP] Embed Pods Frameworks */ = {
			isa = PBXShellScriptBuildPhase;
			buildActionMask = 2147483647;
			files = (
			);
			inputFileListPaths = (
				"${PODS_ROOT}/Target Support Files/Pods-CornellChat/Pods-CornellChat-frameworks-${CONFIGURATION}-input-files.xcfilelist",
			);
			name = "[CP] Embed Pods Frameworks";
			outputFileListPaths = (
				"${PODS_ROOT}/Target Support Files/Pods-CornellChat/Pods-CornellChat-frameworks-${CONFIGURATION}-output-files.xcfilelist",
			);
			runOnlyForDeploymentPostprocessing = 0;
			shellPath = /bin/sh;
			shellScript = "\"${PODS_ROOT}/Target Support Files/Pods-CornellChat/Pods-CornellChat-frameworks.sh\"\n";
			showEnvVarsInLog = 0;
		};
		28E8CE8E20D1617A5AC3D09A /* [CP] Check Pods Manifest.lock */ = {
			isa = PBXShellScriptBuildPhase;
			buildActionMask = 2147483647;
			files = (
			);
			inputFileListPaths = (
			);
			inputPaths = (
				"${PODS_PODFILE_DIR_PATH}/Podfile.lock",
				"${PODS_ROOT}/Manifest.lock",
			);
			name = "[CP] Check Pods Manifest.lock";
			outputFileListPaths = (
			);
			outputPaths = (
				"$(DERIVED_FILE_DIR)/Pods-CornellChat-checkManifestLockResult.txt",
			);
			runOnlyForDeploymentPostprocessing = 0;
			shellPath = /bin/sh;
			shellScript = "diff \"${PODS_PODFILE_DIR_PATH}/Podfile.lock\" \"${PODS_ROOT}/Manifest.lock\" > /dev/null\nif [ $? != 0 ] ; then\n    # print error to STDERR\n    echo \"error: The sandbox is not in sync with the Podfile.lock. Run 'pod install' or update your CocoaPods installation.\" >&2\n    exit 1\nfi\n# This output is used by Xcode 'outputs' to avoid re-running this script phase.\necho \"SUCCESS\" > \"${SCRIPT_OUTPUT_FILE_0}\"\n";
			showEnvVarsInLog = 0;
		};
/* End PBXShellScriptBuildPhase section */

/* Begin PBXSourcesBuildPhase section */
		A2201FD4257D23A100B89E59 /* Sources */ = {
			isa = PBXSourcesBuildPhase;
			buildActionMask = 2147483647;
			files = (
				98256BA62586BC1E001A1532 /* AddConvoViewController.swift in Sources */,
				A2EFBFA6257FC6D6007C744F /* LoginViewController.swift in Sources */,
				A226588A257FC99700123EBE /* RegisterViewController.swift in Sources */,
				98887CB6257DC94F00C8A32E /* ConversationTableViewCell.swift in Sources */,
				A2B36619257D31F4000E09A7 /* NetworkManager.swift in Sources */,
				985AEE9A257F12C400755565 /* ConversationViewController.swift in Sources */,
				985AEE9D257F12DE00755565 /* MessageTableViewCell.swift in Sources */,
				A2201FE0257D23A100B89E59 /* ViewController.swift in Sources */,
				A2201FDC257D23A100B89E59 /* AppDelegate.swift in Sources */,
				98887CAD257DC0DE00C8A32E /* User.swift in Sources */,
				A226588E257FCCC200123EBE /* Extensions.swift in Sources */,
				A2201FDE257D23A100B89E59 /* SceneDelegate.swift in Sources */,
			);
			runOnlyForDeploymentPostprocessing = 0;
		};
/* End PBXSourcesBuildPhase section */

/* Begin XCBuildConfiguration section */
		A2201FEA257D23A200B89E59 /* Debug */ = {
			isa = XCBuildConfiguration;
			buildSettings = {
				ALWAYS_SEARCH_USER_PATHS = NO;
				CLANG_ANALYZER_NONNULL = YES;
				CLANG_ANALYZER_NUMBER_OBJECT_CONVERSION = YES_AGGRESSIVE;
				CLANG_CXX_LANGUAGE_STANDARD = "gnu++14";
				CLANG_CXX_LIBRARY = "libc++";
				CLANG_ENABLE_MODULES = YES;
				CLANG_ENABLE_OBJC_ARC = YES;
				CLANG_ENABLE_OBJC_WEAK = YES;
				CLANG_WARN_BLOCK_CAPTURE_AUTORELEASING = YES;
				CLANG_WARN_BOOL_CONVERSION = YES;
				CLANG_WARN_COMMA = YES;
				CLANG_WARN_CONSTANT_CONVERSION = YES;
				CLANG_WARN_DEPRECATED_OBJC_IMPLEMENTATIONS = YES;
				CLANG_WARN_DIRECT_OBJC_ISA_USAGE = YES_ERROR;
				CLANG_WARN_DOCUMENTATION_COMMENTS = YES;
				CLANG_WARN_EMPTY_BODY = YES;
				CLANG_WARN_ENUM_CONVERSION = YES;
				CLANG_WARN_INFINITE_RECURSION = YES;
				CLANG_WARN_INT_CONVERSION = YES;
				CLANG_WARN_NON_LITERAL_NULL_CONVERSION = YES;
				CLANG_WARN_OBJC_IMPLICIT_RETAIN_SELF = YES;
				CLANG_WARN_OBJC_LITERAL_CONVERSION = YES;
				CLANG_WARN_OBJC_ROOT_CLASS = YES_ERROR;
				CLANG_WARN_QUOTED_INCLUDE_IN_FRAMEWORK_HEADER = YES;
				CLANG_WARN_RANGE_LOOP_ANALYSIS = YES;
				CLANG_WARN_STRICT_PROTOTYPES = YES;
				CLANG_WARN_SUSPICIOUS_MOVE = YES;
				CLANG_WARN_UNGUARDED_AVAILABILITY = YES_AGGRESSIVE;
				CLANG_WARN_UNREACHABLE_CODE = YES;
				CLANG_WARN__DUPLICATE_METHOD_MATCH = YES;
				COPY_PHASE_STRIP = NO;
				DEBUG_INFORMATION_FORMAT = dwarf;
				ENABLE_STRICT_OBJC_MSGSEND = YES;
				ENABLE_TESTABILITY = YES;
				GCC_C_LANGUAGE_STANDARD = gnu11;
				GCC_DYNAMIC_NO_PIC = NO;
				GCC_NO_COMMON_BLOCKS = YES;
				GCC_OPTIMIZATION_LEVEL = 0;
				GCC_PREPROCESSOR_DEFINITIONS = (
					"DEBUG=1",
					"$(inherited)",
				);
				GCC_WARN_64_TO_32_BIT_CONVERSION = YES;
				GCC_WARN_ABOUT_RETURN_TYPE = YES_ERROR;
				GCC_WARN_UNDECLARED_SELECTOR = YES;
				GCC_WARN_UNINITIALIZED_AUTOS = YES_AGGRESSIVE;
				GCC_WARN_UNUSED_FUNCTION = YES;
				GCC_WARN_UNUSED_VARIABLE = YES;
				IPHONEOS_DEPLOYMENT_TARGET = 14.2;
				MTL_ENABLE_DEBUG_INFO = INCLUDE_SOURCE;
				MTL_FAST_MATH = YES;
				ONLY_ACTIVE_ARCH = YES;
				SDKROOT = iphoneos;
				SWIFT_ACTIVE_COMPILATION_CONDITIONS = DEBUG;
				SWIFT_OPTIMIZATION_LEVEL = "-Onone";
			};
			name = Debug;
		};
		A2201FEB257D23A200B89E59 /* Release */ = {
			isa = XCBuildConfiguration;
			buildSettings = {
				ALWAYS_SEARCH_USER_PATHS = NO;
				CLANG_ANALYZER_NONNULL = YES;
				CLANG_ANALYZER_NUMBER_OBJECT_CONVERSION = YES_AGGRESSIVE;
				CLANG_CXX_LANGUAGE_STANDARD = "gnu++14";
				CLANG_CXX_LIBRARY = "libc++";
				CLANG_ENABLE_MODULES = YES;
				CLANG_ENABLE_OBJC_ARC = YES;
				CLANG_ENABLE_OBJC_WEAK = YES;
				CLANG_WARN_BLOCK_CAPTURE_AUTORELEASING = YES;
				CLANG_WARN_BOOL_CONVERSION = YES;
				CLANG_WARN_COMMA = YES;
				CLANG_WARN_CONSTANT_CONVERSION = YES;
				CLANG_WARN_DEPRECATED_OBJC_IMPLEMENTATIONS = YES;
				CLANG_WARN_DIRECT_OBJC_ISA_USAGE = YES_ERROR;
				CLANG_WARN_DOCUMENTATION_COMMENTS = YES;
				CLANG_WARN_EMPTY_BODY = YES;
				CLANG_WARN_ENUM_CONVERSION = YES;
				CLANG_WARN_INFINITE_RECURSION = YES;
				CLANG_WARN_INT_CONVERSION = YES;
				CLANG_WARN_NON_LITERAL_NULL_CONVERSION = YES;
				CLANG_WARN_OBJC_IMPLICIT_RETAIN_SELF = YES;
				CLANG_WARN_OBJC_LITERAL_CONVERSION = YES;
				CLANG_WARN_OBJC_ROOT_CLASS = YES_ERROR;
				CLANG_WARN_QUOTED_INCLUDE_IN_FRAMEWORK_HEADER = YES;
				CLANG_WARN_RANGE_LOOP_ANALYSIS = YES;
				CLANG_WARN_STRICT_PROTOTYPES = YES;
				CLANG_WARN_SUSPICIOUS_MOVE = YES;
				CLANG_WARN_UNGUARDED_AVAILABILITY = YES_AGGRESSIVE;
				CLANG_WARN_UNREACHABLE_CODE = YES;
				CLANG_WARN__DUPLICATE_METHOD_MATCH = YES;
				COPY_PHASE_STRIP = NO;
				DEBUG_INFORMATION_FORMAT = "dwarf-with-dsym";
				ENABLE_NS_ASSERTIONS = NO;
				ENABLE_STRICT_OBJC_MSGSEND = YES;
				GCC_C_LANGUAGE_STANDARD = gnu11;
				GCC_NO_COMMON_BLOCKS = YES;
				GCC_WARN_64_TO_32_BIT_CONVERSION = YES;
				GCC_WARN_ABOUT_RETURN_TYPE = YES_ERROR;
				GCC_WARN_UNDECLARED_SELECTOR = YES;
				GCC_WARN_UNINITIALIZED_AUTOS = YES_AGGRESSIVE;
				GCC_WARN_UNUSED_FUNCTION = YES;
				GCC_WARN_UNUSED_VARIABLE = YES;
				IPHONEOS_DEPLOYMENT_TARGET = 14.2;
				MTL_ENABLE_DEBUG_INFO = NO;
				MTL_FAST_MATH = YES;
				SDKROOT = iphoneos;
				SWIFT_COMPILATION_MODE = wholemodule;
				SWIFT_OPTIMIZATION_LEVEL = "-O";
				VALIDATE_PRODUCT = YES;
			};
			name = Release;
		};
		A2201FED257D23A200B89E59 /* Debug */ = {
			isa = XCBuildConfiguration;
			baseConfigurationReference = C8327F32DF76CF06A9E0CE43 /* Pods-CornellChat.debug.xcconfig */;
			buildSettings = {
				ASSETCATALOG_COMPILER_APPICON_NAME = AppIcon;
				ASSETCATALOG_COMPILER_GLOBAL_ACCENT_COLOR_NAME = AccentColor;
				CODE_SIGN_IDENTITY = "Apple Development";
				CODE_SIGN_STYLE = Automatic;
				DEVELOPMENT_TEAM = R7GZLHQU23;
				INFOPLIST_FILE = CornellChat/Info.plist;
				IPHONEOS_DEPLOYMENT_TARGET = 13.0;
				LD_RUNPATH_SEARCH_PATHS = (
					"$(inherited)",
					"@executable_path/Frameworks",
				);
				PRODUCT_BUNDLE_IDENTIFIER = com.justinngai.CornellChat123;
				PRODUCT_NAME = "$(TARGET_NAME)";
				PROVISIONING_PROFILE_SPECIFIER = "";
				SWIFT_VERSION = 5.0;
				TARGETED_DEVICE_FAMILY = "1,2";
			};
			name = Debug;
		};
		A2201FEE257D23A200B89E59 /* Release */ = {
			isa = XCBuildConfiguration;
			baseConfigurationReference = D11DCAF40F8FB2C156E017F8 /* Pods-CornellChat.release.xcconfig */;
			buildSettings = {
				ASSETCATALOG_COMPILER_APPICON_NAME = AppIcon;
				ASSETCATALOG_COMPILER_GLOBAL_ACCENT_COLOR_NAME = AccentColor;
				CODE_SIGN_IDENTITY = "Apple Development";
				CODE_SIGN_STYLE = Automatic;
				DEVELOPMENT_TEAM = R7GZLHQU23;
				INFOPLIST_FILE = CornellChat/Info.plist;
				IPHONEOS_DEPLOYMENT_TARGET = 13.0;
				LD_RUNPATH_SEARCH_PATHS = (
					"$(inherited)",
					"@executable_path/Frameworks",
				);
				PRODUCT_BUNDLE_IDENTIFIER = com.justinngai.CornellChat123;
				PRODUCT_NAME = "$(TARGET_NAME)";
				PROVISIONING_PROFILE_SPECIFIER = "";
				SWIFT_VERSION = 5.0;
				TARGETED_DEVICE_FAMILY = "1,2";
			};
			name = Release;
		};
/* End XCBuildConfiguration section */

/* Begin XCConfigurationList section */
		A2201FD3257D23A100B89E59 /* Build configuration list for PBXProject "CornellChat" */ = {
			isa = XCConfigurationList;
			buildConfigurations = (
				A2201FEA257D23A200B89E59 /* Debug */,
				A2201FEB257D23A200B89E59 /* Release */,
			);
			defaultConfigurationIsVisible = 0;
			defaultConfigurationName = Release;
		};
		A2201FEC257D23A200B89E59 /* Build configuration list for PBXNativeTarget "CornellChat" */ = {
			isa = XCConfigurationList;
			buildConfigurations = (
				A2201FED257D23A200B89E59 /* Debug */,
				A2201FEE257D23A200B89E59 /* Release */,
			);
			defaultConfigurationIsVisible = 0;
			defaultConfigurationName = Release;
		};
/* End XCConfigurationList section */
	};
	rootObject = A2201FD0257D23A100B89E59 /* Project object */;
}
